
Microsoft Visual Studio Solution File, Format Version 12.00
# Visual Studio Version 17
VisualStudioVersion = 17.14.36310.24 d17.14
MinimumVisualStudioVersion = 10.0.40219.1
Project("{FAE04EC0-301F-11D3-BF4B-00C04F79EFBC}") = "BincomTest2", "BincomTest2.csproj", "{3896C5D7-A07A-48B5-8469-AFF56D9A117E}"
EndProject
Global
	GlobalSection(SolutionConfigurationPlatforms) = preSolution
		Debug|Any CPU = Debug|Any CPU
		Release|Any CPU = Release|Any CPU
	EndGlobalSection
	GlobalSection(ProjectConfigurationPlatforms) = postSolution
		{3896C5D7-A07A-48B5-8469-AFF56D9A117E}.Debug|Any CPU.ActiveCfg = Debug|Any CPU
		{3896C5D7-A07A-48B5-8469-AFF56D9A117E}.Debug|Any CPU.Build.0 = Debug|Any CPU
		{3896C5D7-A07A-48B5-8469-AFF56D9A117E}.Release|Any CPU.ActiveCfg = Release|Any CPU
		{3896C5D7-A07A-48B5-8469-AFF56D9A117E}.Release|Any CPU.Build.0 = Release|Any CPU
	EndGlobalSection
	GlobalSection(SolutionProperties) = preSolution
		HideSolutionNode = FALSE
	EndGlobalSection
	GlobalSection(ExtensibilityGlobals) = postSolution
		SolutionGuid = {DF2779EE-1D48-4B96-82F1-CF706585810B}
	EndGlobalSection
EndGlobal
