
Microsoft Visual Studio Solution File, Format Version 12.00
# Visual Studio Version 17
VisualStudioVersion = 17.14.36310.24 d17.14
MinimumVisualStudioVersion = 10.0.40219.1
Project("{FAE04EC0-301F-11D3-BF4B-00C04F79EFBC}") = "BincomTest4", "BincomTest4.csproj", "{217F1C75-F340-4DE7-92CA-319C41EDF7EF}"
EndProject
Global
	GlobalSection(SolutionConfigurationPlatforms) = preSolution
		Debug|Any CPU = Debug|Any CPU
		Release|Any CPU = Release|Any CPU
	EndGlobalSection
	GlobalSection(ProjectConfigurationPlatforms) = postSolution
		{217F1C75-F340-4DE7-92CA-319C41EDF7EF}.Debug|Any CPU.ActiveCfg = Debug|Any CPU
		{217F1C75-F340-4DE7-92CA-319C41EDF7EF}.Debug|Any CPU.Build.0 = Debug|Any CPU
		{217F1C75-F340-4DE7-92CA-319C41EDF7EF}.Release|Any CPU.ActiveCfg = Release|Any CPU
		{217F1C75-F340-4DE7-92CA-319C41EDF7EF}.Release|Any CPU.Build.0 = Release|Any CPU
	EndGlobalSection
	GlobalSection(SolutionProperties) = preSolution
		HideSolutionNode = FALSE
	EndGlobalSection
	GlobalSection(ExtensibilityGlobals) = postSolution
		SolutionGuid = {0EF3D288-066D-4698-AB95-9F7955C87D88}
	EndGlobalSection
EndGlobal
